{
  "name": "Hang-Talk",
  "lockfileVersion": 2,
  "requires": true,
  "packages": {
    "": {
      "dependencies": {
        "umi-request": "^1.4.0"
      }
    },
    "node_modules/call-bind": {
      "version": "1.0.2",
      "resolved": "http://npm.h3yun.net:4873/call-bind/-/call-bind-1.0.2.tgz",
      "integrity": "sha1-sdTonmiBGcPJqQOtMKuy9qkZvjw=",
      "license": "MIT",
      "dependencies": {
        "function-bind": "^1.1.1",
        "get-intrinsic": "^1.0.2"
      },
      "funding": {
        "url": "https://github.com/sponsors/ljharb"
      }
    },
    "node_modules/encoding": {
      "version": "0.1.13",
      "resolved": "http://npm.h3yun.net:4873/encoding/-/encoding-0.1.13.tgz",
      "integrity": "sha1-VldK/deR9UqOmyeFwFgqLSYhD6k=",
      "license": "MIT",
      "dependencies": {
        "iconv-lite": "^0.6.2"
      }
    },
    "node_modules/function-bind": {
      "version": "1.1.1",
      "resolved": "http://npm.h3yun.net:4873/function-bind/-/function-bind-1.1.1.tgz",
      "integrity": "sha1-pWiZ0+o8m6uHS7l3O3xe3pL0iV0=",
      "license": "MIT"
    },
    "node_modules/get-intrinsic": {
      "version": "1.1.2",
      "resolved": "http://npm.h3yun.net:4873/get-intrinsic/-/get-intrinsic-1.1.2.tgz",
      "integrity": "sha512-Jfm3OyCxHh9DJyc28qGk+JmfkpO41A4XkneDSujN9MDXrm4oDKdHvndhZ2dN94+ERNfkYJWDclW6k2L/ZGHjXA==",
      "license": "MIT",
      "dependencies": {
        "function-bind": "^1.1.1",
        "has": "^1.0.3",
        "has-symbols": "^1.0.3"
      },
      "funding": {
        "url": "https://github.com/sponsors/ljharb"
      }
    },
    "node_modules/has": {
      "version": "1.0.3",
      "resolved": "http://npm.h3yun.net:4873/has/-/has-1.0.3.tgz",
      "integrity": "sha1-ci18v8H2qoJB8W3YFOAR4fQeh5Y=",
      "license": "MIT",
      "dependencies": {
        "function-bind": "^1.1.1"
      },
      "engines": {
        "node": ">= 0.4.0"
      }
    },
    "node_modules/has-symbols": {
      "version": "1.0.3",
      "resolved": "http://npm.h3yun.net:4873/has-symbols/-/has-symbols-1.0.3.tgz",
      "integrity": "sha512-l3LCuF6MgDNwTDKkdYGEihYjt5pRPbEg46rtlmnSPlUbgmB8LOIrKJbYYFBSbnPaJexMKtiPO8hmeRjRz2Td+A==",
      "license": "MIT",
      "engines": {
        "node": ">= 0.4"
      },
      "funding": {
        "url": "https://github.com/sponsors/ljharb"
      }
    },
    "node_modules/iconv-lite": {
      "version": "0.6.3",
      "resolved": "http://npm.h3yun.net:4873/iconv-lite/-/iconv-lite-0.6.3.tgz",
      "integrity": "sha1-pS+AvzjaGVLrXGgXkHGYcaGnJQE=",
      "license": "MIT",
      "dependencies": {
        "safer-buffer": ">= 2.1.2 < 3.0.0"
      },
      "engines": {
        "node": ">=0.10.0"
      }
    },
    "node_modules/is-stream": {
      "version": "1.1.0",
      "resolved": "http://npm.h3yun.net:4873/is-stream/-/is-stream-1.1.0.tgz",
      "integrity": "sha1-EtSj3U5o4Lec6428hBc66A2RykQ=",
      "license": "MIT",
      "engines": {
        "node": ">=0.10.0"
      }
    },
    "node_modules/isomorphic-fetch": {
      "version": "2.2.1",
      "resolved": "http://npm.h3yun.net:4873/isomorphic-fetch/-/isomorphic-fetch-2.2.1.tgz",
      "integrity": "sha1-YRrhrPFPXoH3KVB0coGf6XM1WKk=",
      "license": "MIT",
      "dependencies": {
        "node-fetch": "^1.0.1",
        "whatwg-fetch": ">=0.10.0"
      }
    },
    "node_modules/node-fetch": {
      "version": "1.7.3",
      "resolved": "http://npm.h3yun.net:4873/node-fetch/-/node-fetch-1.7.3.tgz",
      "integrity": "sha1-mA9vcthSEaU0fGsrwYxbhMPrR+8=",
      "license": "MIT",
      "dependencies": {
        "encoding": "^0.1.11",
        "is-stream": "^1.0.1"
      }
    },
    "node_modules/object-inspect": {
      "version": "1.12.2",
      "resolved": "http://npm.h3yun.net:4873/object-inspect/-/object-inspect-1.12.2.tgz",
      "integrity": "sha512-z+cPxW0QGUp0mcqcsgQyLVRDoXFQbXOwBaqyF7VIgI4TWNQsDHrBpUQslRmIfAoYWdYzs6UlKJtB2XJpTaNSpQ==",
      "license": "MIT",
      "funding": {
        "url": "https://github.com/sponsors/ljharb"
      }
    },
    "node_modules/qs": {
      "version": "6.10.5",
      "resolved": "http://npm.h3yun.net:4873/qs/-/qs-6.10.5.tgz",
      "integrity": "sha512-O5RlPh0VFtR78y79rgcgKK4wbAI0C5zGVLztOIdpWX6ep368q5Hv6XRxDvXuZ9q3C6v+e3n8UfZZJw7IIG27eQ==",
      "license": "BSD-3-Clause",
      "dependencies": {
        "side-channel": "^1.0.4"
      },
      "engines": {
        "node": ">=0.6"
      },
      "funding": {
        "url": "https://github.com/sponsors/ljharb"
      }
    },
    "node_modules/safer-buffer": {
      "version": "2.1.2",
      "resolved": "http://npm.h3yun.net:4873/safer-buffer/-/safer-buffer-2.1.2.tgz",
      "integrity": "sha1-RPoWGwGHuVSd2Eu5GAL5vYOFzWo=",
      "license": "MIT"
    },
    "node_modules/side-channel": {
      "version": "1.0.4",
      "resolved": "http://npm.h3yun.net:4873/side-channel/-/side-channel-1.0.4.tgz",
      "integrity": "sha1-785cj9wQTudRslxY1CkAEfpeos8=",
      "license": "MIT",
      "dependencies": {
        "call-bind": "^1.0.0",
        "get-intrinsic": "^1.0.2",
        "object-inspect": "^1.9.0"
      },
      "funding": {
        "url": "https://github.com/sponsors/ljharb"
      }
    },
    "node_modules/umi-request": {
      "version": "1.4.0",
      "resolved": "http://npm.h3yun.net:4873/umi-request/-/umi-request-1.4.0.tgz",
      "integrity": "sha1-7Q5U5H8EPSvgbmkUd/CJA4P53Yo=",
      "license": "MIT",
      "dependencies": {
        "isomorphic-fetch": "^2.2.1",
        "qs": "^6.9.1"
      }
    },
    "node_modules/whatwg-fetch": {
      "version": "3.6.2",
      "resolved": "http://npm.h3yun.net:4873/whatwg-fetch/-/whatwg-fetch-3.6.2.tgz",
      "integrity": "sha1-3O0k838mJO0CgXJdUdDi4/5nf4w=",
      "license": "MIT"
    }
  },
  "dependencies": {
    "call-bind": {
      "version": "1.0.2",
      "resolved": "http://npm.h3yun.net:4873/call-bind/-/call-bind-1.0.2.tgz",
      "integrity": "sha1-sdTonmiBGcPJqQOtMKuy9qkZvjw=",
      "requires": {
        "function-bind": "^1.1.1",
        "get-intrinsic": "^1.0.2"
      }
    },
    "encoding": {
      "version": "0.1.13",
      "resolved": "http://npm.h3yun.net:4873/encoding/-/encoding-0.1.13.tgz",
      "integrity": "sha1-VldK/deR9UqOmyeFwFgqLSYhD6k=",
      "requires": {
        "iconv-lite": "^0.6.2"
      }
    },
    "function-bind": {
      "version": "1.1.1",
      "resolved": "http://npm.h3yun.net:4873/function-bind/-/function-bind-1.1.1.tgz",
      "integrity": "sha1-pWiZ0+o8m6uHS7l3O3xe3pL0iV0="
    },
    "get-intrinsic": {
      "version": "1.1.2",
      "resolved": "http://npm.h3yun.net:4873/get-intrinsic/-/get-intrinsic-1.1.2.tgz",
      "integrity": "sha512-Jfm3OyCxHh9DJyc28qGk+JmfkpO41A4XkneDSujN9MDXrm4oDKdHvndhZ2dN94+ERNfkYJWDclW6k2L/ZGHjXA==",
      "requires": {
        "function-bind": "^1.1.1",
        "has": "^1.0.3",
        "has-symbols": "^1.0.3"
      }
    },
    "has": {
      "version": "1.0.3",
      "resolved": "http://npm.h3yun.net:4873/has/-/has-1.0.3.tgz",
      "integrity": "sha1-ci18v8H2qoJB8W3YFOAR4fQeh5Y=",
      "requires": {
        "function-bind": "^1.1.1"
      }
    },
    "has-symbols": {
      "version": "1.0.3",
      "resolved": "http://npm.h3yun.net:4873/has-symbols/-/has-symbols-1.0.3.tgz",
      "integrity": "sha512-l3LCuF6MgDNwTDKkdYGEihYjt5pRPbEg46rtlmnSPlUbgmB8LOIrKJbYYFBSbnPaJexMKtiPO8hmeRjRz2Td+A=="
    },
    "iconv-lite": {
      "version": "0.6.3",
      "resolved": "http://npm.h3yun.net:4873/iconv-lite/-/iconv-lite-0.6.3.tgz",
      "integrity": "sha1-pS+AvzjaGVLrXGgXkHGYcaGnJQE=",
      "requires": {
        "safer-buffer": ">= 2.1.2 < 3.0.0"
      }
    },
    "is-stream": {
      "version": "1.1.0",
      "resolved": "http://npm.h3yun.net:4873/is-stream/-/is-stream-1.1.0.tgz",
      "integrity": "sha1-EtSj3U5o4Lec6428hBc66A2RykQ="
    },
    "isomorphic-fetch": {
      "version": "2.2.1",
      "resolved": "http://npm.h3yun.net:4873/isomorphic-fetch/-/isomorphic-fetch-2.2.1.tgz",
      "integrity": "sha1-YRrhrPFPXoH3KVB0coGf6XM1WKk=",
      "requires": {
        "node-fetch": "^1.0.1",
        "whatwg-fetch": ">=0.10.0"
      }
    },
    "node-fetch": {
      "version": "1.7.3",
      "resolved": "http://npm.h3yun.net:4873/node-fetch/-/node-fetch-1.7.3.tgz",
      "integrity": "sha1-mA9vcthSEaU0fGsrwYxbhMPrR+8=",
      "requires": {
        "encoding": "^0.1.11",
        "is-stream": "^1.0.1"
      }
    },
    "object-inspect": {
      "version": "1.12.2",
      "resolved": "http://npm.h3yun.net:4873/object-inspect/-/object-inspect-1.12.2.tgz",
      "integrity": "sha512-z+cPxW0QGUp0mcqcsgQyLVRDoXFQbXOwBaqyF7VIgI4TWNQsDHrBpUQslRmIfAoYWdYzs6UlKJtB2XJpTaNSpQ=="
    },
    "qs": {
      "version": "6.10.5",
      "resolved": "http://npm.h3yun.net:4873/qs/-/qs-6.10.5.tgz",
      "integrity": "sha512-O5RlPh0VFtR78y79rgcgKK4wbAI0C5zGVLztOIdpWX6ep368q5Hv6XRxDvXuZ9q3C6v+e3n8UfZZJw7IIG27eQ==",
      "requires": {
        "side-channel": "^1.0.4"
      }
    },
    "safer-buffer": {
      "version": "2.1.2",
      "resolved": "http://npm.h3yun.net:4873/safer-buffer/-/safer-buffer-2.1.2.tgz",
      "integrity": "sha1-RPoWGwGHuVSd2Eu5GAL5vYOFzWo="
    },
    "side-channel": {
      "version": "1.0.4",
      "resolved": "http://npm.h3yun.net:4873/side-channel/-/side-channel-1.0.4.tgz",
      "integrity": "sha1-785cj9wQTudRslxY1CkAEfpeos8=",
      "requires": {
        "call-bind": "^1.0.0",
        "get-intrinsic": "^1.0.2",
        "object-inspect": "^1.9.0"
      }
    },
    "umi-request": {
      "version": "1.4.0",
      "resolved": "http://npm.h3yun.net:4873/umi-request/-/umi-request-1.4.0.tgz",
      "integrity": "sha1-7Q5U5H8EPSvgbmkUd/CJA4P53Yo=",
      "requires": {
        "isomorphic-fetch": "^2.2.1",
        "qs": "^6.9.1"
      }
    },
    "whatwg-fetch": {
      "version": "3.6.2",
      "resolved": "http://npm.h3yun.net:4873/whatwg-fetch/-/whatwg-fetch-3.6.2.tgz",
      "integrity": "sha1-3O0k838mJO0CgXJdUdDi4/5nf4w="
    }
  }
}
